
Microsoft Visual Studio Solution File, Format Version 12.00
# Visual Studio 15
VisualStudioVersion = 15.0.27004.2010
MinimumVisualStudioVersion = 10.0.40219.1
Project("{9A19103F-16F7-4668-BE54-9A1E7A4F7556}") = "Auction.Service", "Auction.Service\Auction.Service.csproj", "{5C33FBDF-6A79-4884-8558-5AFFEDFB31EB}"
EndProject
Project("{9A19103F-16F7-4668-BE54-9A1E7A4F7556}") = "Auction.Models", "Auction.Models\Auction.Models.csproj", "{90F3B3DB-23BC-46E1-A479-853A6C67510C}"
EndProject
Project("{9A19103F-16F7-4668-BE54-9A1E7A4F7556}") = "Auction.Model.API", "Auction.Model.API\Auction.Model.API.csproj", "{CC45425E-B9EC-4AAA-9A61-7818F0DCFB0A}"
EndProject
Project("{9A19103F-16F7-4668-BE54-9A1E7A4F7556}") = "Auction.Functionality", "Auction.Functionality\Auction.Functionality.csproj", "{F4F2A9B5-E43F-4D0A-8AC6-47D2315EBDE5}"
EndProject
Project("{FAE04EC0-301F-11D3-BF4B-00C04F79EFBC}") = "Auction.EF", "Auction.EF\Auction.EF.csproj", "{26615523-37CA-49DB-B762-178CAA0DDA82}"
EndProject
Project("{FAE04EC0-301F-11D3-BF4B-00C04F79EFBC}") = "Auction.Test", "Auction.Test\Auction.Test.csproj", "{59586A17-0425-46EE-884D-8B6AC1FCE0C2}"
EndProject
Global
	GlobalSection(SolutionConfigurationPlatforms) = preSolution
		Debug|Any CPU = Debug|Any CPU
		Release|Any CPU = Release|Any CPU
	EndGlobalSection
	GlobalSection(ProjectConfigurationPlatforms) = postSolution
		{5C33FBDF-6A79-4884-8558-5AFFEDFB31EB}.Debug|Any CPU.ActiveCfg = Debug|Any CPU
		{5C33FBDF-6A79-4884-8558-5AFFEDFB31EB}.Debug|Any CPU.Build.0 = Debug|Any CPU
		{5C33FBDF-6A79-4884-8558-5AFFEDFB31EB}.Release|Any CPU.ActiveCfg = Release|Any CPU
		{5C33FBDF-6A79-4884-8558-5AFFEDFB31EB}.Release|Any CPU.Build.0 = Release|Any CPU
		{90F3B3DB-23BC-46E1-A479-853A6C67510C}.Debug|Any CPU.ActiveCfg = Debug|Any CPU
		{90F3B3DB-23BC-46E1-A479-853A6C67510C}.Debug|Any CPU.Build.0 = Debug|Any CPU
		{90F3B3DB-23BC-46E1-A479-853A6C67510C}.Release|Any CPU.ActiveCfg = Release|Any CPU
		{90F3B3DB-23BC-46E1-A479-853A6C67510C}.Release|Any CPU.Build.0 = Release|Any CPU
		{CC45425E-B9EC-4AAA-9A61-7818F0DCFB0A}.Debug|Any CPU.ActiveCfg = Debug|Any CPU
		{CC45425E-B9EC-4AAA-9A61-7818F0DCFB0A}.Debug|Any CPU.Build.0 = Debug|Any CPU
		{CC45425E-B9EC-4AAA-9A61-7818F0DCFB0A}.Release|Any CPU.ActiveCfg = Release|Any CPU
		{CC45425E-B9EC-4AAA-9A61-7818F0DCFB0A}.Release|Any CPU.Build.0 = Release|Any CPU
		{F4F2A9B5-E43F-4D0A-8AC6-47D2315EBDE5}.Debug|Any CPU.ActiveCfg = Debug|Any CPU
		{F4F2A9B5-E43F-4D0A-8AC6-47D2315EBDE5}.Debug|Any CPU.Build.0 = Debug|Any CPU
		{F4F2A9B5-E43F-4D0A-8AC6-47D2315EBDE5}.Release|Any CPU.ActiveCfg = Release|Any CPU
		{F4F2A9B5-E43F-4D0A-8AC6-47D2315EBDE5}.Release|Any CPU.Build.0 = Release|Any CPU
		{26615523-37CA-49DB-B762-178CAA0DDA82}.Debug|Any CPU.ActiveCfg = Debug|Any CPU
		{26615523-37CA-49DB-B762-178CAA0DDA82}.Debug|Any CPU.Build.0 = Debug|Any CPU
		{26615523-37CA-49DB-B762-178CAA0DDA82}.Release|Any CPU.ActiveCfg = Release|Any CPU
		{26615523-37CA-49DB-B762-178CAA0DDA82}.Release|Any CPU.Build.0 = Release|Any CPU
		{59586A17-0425-46EE-884D-8B6AC1FCE0C2}.Debug|Any CPU.ActiveCfg = Debug|Any CPU
		{59586A17-0425-46EE-884D-8B6AC1FCE0C2}.Debug|Any CPU.Build.0 = Debug|Any CPU
		{59586A17-0425-46EE-884D-8B6AC1FCE0C2}.Release|Any CPU.ActiveCfg = Release|Any CPU
		{59586A17-0425-46EE-884D-8B6AC1FCE0C2}.Release|Any CPU.Build.0 = Release|Any CPU
	EndGlobalSection
	GlobalSection(SolutionProperties) = preSolution
		HideSolutionNode = FALSE
	EndGlobalSection
	GlobalSection(ExtensibilityGlobals) = postSolution
		SolutionGuid = {7725CC79-CFF1-4BEE-85D2-83B8DB047EC5}
	EndGlobalSection
EndGlobal
